[[dependencies]]
name = "forge-std"
version = "1.12.0"
url = "https://soldeer-revisions.s3.amazonaws.com/forge-std/1_12_0_28-11-2025_13:04:44_forge-std-1.12.zip"
checksum = "81dccd87cb3303f28fa7f8158e3fed087afcdafa976e78ad1a8601a9883fe413"
integrity = "76ecadcacae000ba45c346835c9458cc572d3b1555ae0056a34537157111c204"

[[dependencies]]
name = "solady"
version = "0.1.26"
url = "https://soldeer-revisions.s3.amazonaws.com/solady/0_1_26_25-08-2025_15:30:06_solady.zip"
checksum = "9872ac7cfd32c1eba32800508a1325c49f4a4aa8c6f670454db91971a583e26b"
integrity = "5da4b5ca9cbad98812a4b75ad528ff34c72a0b84433204be6d1420c81de1d6ff"
